{
    "_readme": [
        "This file locks the dependencies of your project to a known state",
        "Read more about it at https://getcomposer.org/doc/01-basic-usage.md#composer-lock-the-lock-file",
        "This file is @generated automatically"
    ],
    "hash": "16dfc6aa4d17e349f4ecf62bfb1f2f6a",
    "content-hash": "c6e8adc9b03d603876ed305f38310d53",
    "packages": [
        {
            "name": "necolas/normalize.css",
            "version": "dev-master",
            "source": {
                "type": "git",
                "url": "https://github.com/necolas/normalize.css",
                "reference": "master"
            },
            "type": "library",
            "time": "2017-05-02 18:14:41"
        },
        {
            "name": "neemzy/stylus",
            "version": "dev-master",
            "source": {
                "type": "git",
                "url": "https://github.com/AustP/Stylus.php.git",
                "reference": "121889b4773e2f7c38249492e9af9292dd8b62ef"
            },
            "dist": {
                "type": "zip",
                "url": "https://api.github.com/repos/AustP/Stylus.php/zipball/121889b4773e2f7c38249492e9af9292dd8b62ef",
                "reference": "121889b4773e2f7c38249492e9af9292dd8b62ef",
                "shasum": ""
            },
            "require": {
                "php": ">=5.3.0"
            },
            "type": "library",
            "autoload": {
                "psr-0": {
                    "Stylus": "src/"
                }
            },
            "notification-url": "https://packagist.org/downloads/",
            "authors": [
                {
                    "name": "AustP"
                },
                {
                    "name": "neemzy",
                    "email": "tom.panier@beseen.fr"
                }
            ],
            "description": "Stylus preprocessor for PHP",
            "time": "2016-05-10 12:24:08"
        }
    ],
    "packages-dev": [],
    "aliases": [],
    "minimum-stability": "stable",
    "stability-flags": {
        "neemzy/stylus": 20,
        "necolas/normalize.css": 20
    },
    "prefer-stable": false,
    "prefer-lowest": false,
    "platform": [],
    "platform-dev": []
}
